
Microsoft Visual Studio Solution File, Format Version 12.00
# Visual Studio Version 17
VisualStudioVersion = 17.3.32825.248
MinimumVisualStudioVersion = 10.0.40219.1
Project("{FAE04EC0-301F-11D3-BF4B-00C04F79EFBC}") = "WebApp-Vue", "WebApp-Vue\WebApp-Vue.csproj", "{767DD0C4-04E3-41BA-88A6-304AFE2F4C43}"
EndProject
Global
	GlobalSection(SolutionConfigurationPlatforms) = preSolution
		Debug|Any CPU = Debug|Any CPU
		Release|Any CPU = Release|Any CPU
	EndGlobalSection
	GlobalSection(ProjectConfigurationPlatforms) = postSolution
		{767DD0C4-04E3-41BA-88A6-304AFE2F4C43}.Debug|Any CPU.ActiveCfg = Debug|Any CPU
		{767DD0C4-04E3-41BA-88A6-304AFE2F4C43}.Debug|Any CPU.Build.0 = Debug|Any CPU
		{767DD0C4-04E3-41BA-88A6-304AFE2F4C43}.Release|Any CPU.ActiveCfg = Release|Any CPU
		{767DD0C4-04E3-41BA-88A6-304AFE2F4C43}.Release|Any CPU.Build.0 = Release|Any CPU
	EndGlobalSection
	GlobalSection(SolutionProperties) = preSolution
		HideSolutionNode = FALSE
	EndGlobalSection
	GlobalSection(ExtensibilityGlobals) = postSolution
		SolutionGuid = {8882F381-4248-43D0-85E6-527AFC1D67FE}
	EndGlobalSection
EndGlobal
